<?xml version="1.0" encoding="UTF-8" standalone="yes" ?>
<CodeBlocks_project_file>
	<FileVersion major="1" minor="6" />
	<Project>
		<Option title="Chuyen1516" />
		<Option pch_mode="2" />
		<Option compiler="gcc" />
		<Build>
			<Target title="Debug">
				<Option output="bin/Debug/Chuyen1516" prefix_auto="1" extension_auto="1" />
				<Option object_output="obj/Debug/" />
				<Option type="1" />
				<Option compiler="gcc" />
				<Compiler>
					<Add option="-g" />
				</Compiler>
			</Target>
			<Target title="Release">
				<Option output="bin/Release/Chuyen1516" prefix_auto="1" extension_auto="1" />
				<Option object_output="obj/Release/" />
				<Option type="1" />
				<Option compiler="gcc" />
				<Compiler>
					<Add option="-O2" />
				</Compiler>
				<Linker>
					<Add option="-s" />
				</Linker>
			</Target>
		</Build>
		<Compiler>
			<Add option="-Wall" />
		</Compiler>
		<Unit filename="BL1.INP" />
		<Unit filename="BL1.cpp">
			<Option link="0" />
		</Unit>
		<Unit filename="BL2.INP" />
		<Unit filename="BL2.OUT" />
		<Unit filename="BL2.cpp">
			<Option link="0" />
		</Unit>
		<Unit filename="BL3.INP" />
		<Unit filename="BL3.OUT" />
		<Unit filename="BL3.cpp">
			<Option link="0" />
		</Unit>
		<Unit filename="BL4.INP" />
		<Unit filename="BL4.OUT" />
		<Unit filename="BL4.cpp" />
		<Extensions>
			<code_completion />
			<envvars />
			<debugger />
			<lib_finder disable_auto="1" />
		</Extensions>
	</Project>
</CodeBlocks_project_file>
